# This file is autogenerated, do not edit; changes may be undone by the next 'dep ensure'.


[[projects]]
  digest = "1:4be32eaa2aff0bac6ccb3cacd9a84b3bc79c1f8ec00765b03d4a8f5cc542cdaa"
  name = "github.com/gobuffalo/logger"
  packages = ["."]
  pruneopts = "UT"
  revision = "fe10b71a76d5acb502f99cd88d1fd28062906dac"
  version = "v1.0.3"

[[projects]]
  digest = "1:ea1dc40f7a6757babdd1f43e57b8c4a3740c112bbfcb8185221838fde7733d2d"
  name = "github.com/gobuffalo/packd"
  packages = [
    ".",
    "internal/takeon/github.com/markbates/errx",
  ]
  pruneopts = "UT"
  revision = "128b5da43f114d0f9af8b4bba549b02e3496dfa8"
  version = "v1.0.0"

[[projects]]
  digest = "1:0fd20d07db5963e7934eddacfc3567f827b29a5f771924ba1e2c1effb33669bb"
  name = "github.com/gobuffalo/packr"
  packages = [
    "v2",
    "v2/file",
    "v2/file/resolver",
    "v2/file/resolver/encoding/hex",
    "v2/jam/parser",
    "v2/plog",
  ]
  pruneopts = "UT"
  revision = "c6a5045204dacffbe11d9f6c68485ae7e7fe3d19"
  version = "v2.8.0"

[[projects]]
  digest = "1:582e25eccee928dc12416ea4c23b6dae8f3b5687730632aa1473ebebe80a2359"
  name = "github.com/gogo/protobuf"
  packages = [
    "proto",
    "sortkeys",
  ]
  pruneopts = "UT"
  revision = "5628607bb4c51c3157aacc3a50f0ab707582b805"
  version = "v1.3.1"

[[projects]]
  digest = "1:a840b166971a2e76fcc4fbafaa181ea109b92d461e7f9b608a49b70be2765bac"
  name = "github.com/google/gofuzz"
  packages = ["."]
  pruneopts = "UT"
  revision = "db92cf7ae75e4a7a28abc005addab2b394362888"
  version = "v1.1.0"

[[projects]]
  digest = "1:25ebe6496abb289ef977c081b2d49f56dd97c32db4ca083d37f95923909ced02"
  name = "github.com/gorilla/mux"
  packages = ["."]
  pruneopts = "UT"
  revision = "75dcda0896e109a2a22c9315bca3bb21b87b2ba5"
  version = "v1.7.4"

[[projects]]
  digest = "1:e58ae55f2e677ab404909e2ca668f4f1602043413adbfc1904eaedd4ced96ca1"
  name = "github.com/karrick/godirwalk"
  packages = ["."]
  pruneopts = "UT"
  revision = "28c3d9464220f734271ebb33c7da824390ba03c5"
  version = "v1.15.5"

[[projects]]
  digest = "1:31e761d97c76151dde79e9d28964a812c46efc5baee4085b86f68f0c654450de"
  name = "github.com/konsorten/go-windows-terminal-sequences"
  packages = ["."]
  pruneopts = "UT"
  revision = "f55edac94c9bbba5d6182a4be46d86a2c9b5b50e"
  version = "v1.0.2"

[[projects]]
  branch = "master"
  digest = "1:fdde951a504955d8e249a8c8facf6dd22f1a963c8705eeb0b45fbaebb830f0f4"
  name = "github.com/luci/go-render"
  packages = ["render"]
  pruneopts = "UT"
  revision = "9a04cc21af0f2e328bfb81741ec9e8967c4f6541"

[[projects]]
  digest = "1:11093356d104f85fe9c76c34952b1ee8f5fa0165045de6f31186ab2c5339ce17"
  name = "github.com/markbates/errx"
  packages = ["."]
  pruneopts = "UT"
  revision = "9ba0abfab1fb7dae1b752c31e1731b4c179e7ca0"
  version = "v1.1.0"

[[projects]]
  digest = "1:be27523c7f38387942ceb80e8e0db3025cfb9532c82e582571c1e423a1fbdd42"
  name = "github.com/markbates/oncer"
  packages = ["."]
  pruneopts = "UT"
  revision = "74cf68f7e72ed26f7a701d975dbcee92cd324cbb"
  version = "v1.0.0"

[[projects]]
  digest = "1:28687e854cec240942c103259668b132a8450b05a6cc677eea2282b26ae29310"
  name = "github.com/markbates/safe"
  packages = ["."]
  pruneopts = "UT"
  revision = "6fea05a5732486546a4836b7a1d596c5ec687b98"
  version = "v1.0.1"

[[projects]]
  digest = "1:04457f9f6f3ffc5fea48e71d62f2ca256637dee0a04d710288e27e05c8b41976"
  name = "github.com/sirupsen/logrus"
  packages = ["."]
  pruneopts = "UT"
  revision = "839c75faf7f98a33d445d181f3018b5c3409a45e"
  version = "v1.4.2"

[[projects]]
  branch = "master"
  digest = "1:ad2bf20798504fbde0c5bdf5ee83d3354fb101d32c5b2267f811c1958b91b0ab"
  name = "golang.org/x/crypto"
  packages = ["ssh/terminal"]
  pruneopts = "UT"
  revision = "f7b00557c8c46a1ea4b035cae84f52028c2c0564"

[[projects]]
  branch = "master"
  digest = "1:47e6734767091dca6d19b42e9a2e9c08fa36d038327ad9613ddab5575c6144ca"
  name = "golang.org/x/net"
  packages = [
    "http/httpguts",
    "http2",
    "http2/hpack",
    "idna",
  ]
  pruneopts = "UT"
  revision = "244492dfa37ae2ce87222fd06250a03160745faa"

[[projects]]
  branch = "master"
  digest = "1:70ad9a7394ce9ae89ca0ded5c02ddb0135ccfc636d41a4d3b7c3a5c8cf39fd53"
  name = "golang.org/x/sys"
  packages = [
    "unix",
    "windows",
  ]
  pruneopts = "UT"
  revision = "5766fd39f98ddd8d769ad4aedcee557dd28de90f"

[[projects]]
  digest = "1:8d8faad6b12a3a4c819a3f9618cb6ee1fa1cfc33253abeeea8b55336721e3405"
  name = "golang.org/x/text"
  packages = [
    "collate",
    "collate/build",
    "internal/colltab",
    "internal/gen",
    "internal/language",
    "internal/language/compact",
    "internal/tag",
    "internal/triegen",
    "internal/ucd",
    "language",
    "secure/bidirule",
    "transform",
    "unicode/bidi",
    "unicode/cldr",
    "unicode/norm",
    "unicode/rangetable",
  ]
  pruneopts = "UT"
  revision = "342b2e1fbaa52c93f31447ad2c6abc048c63e475"
  version = "v0.3.2"

[[projects]]
  digest = "1:2d1fbdc6777e5408cabeb02bf336305e724b925ff4546ded0fa8715a7267922a"
  name = "gopkg.in/inf.v0"
  packages = ["."]
  pruneopts = "UT"
  revision = "d2d2541c53f18d2a059457998ce2876cc8e67cbf"
  version = "v0.9.1"

[[projects]]
  digest = "1:38dfe7df00b979fbeb43d39512ff868b871429d9629e580c431e28a14e159210"
  name = "k8s.io/api"
  packages = ["core/v1"]
  pruneopts = "UT"
  revision = "d3c87f2f52e31c74a4ccb065b706b688f4e6341d"
  version = "v0.17.4"

[[projects]]
  digest = "1:0cd34cf4844cd82ffbbd963e325ef62e535a30d3e6b175399cc5f2c22f6362b0"
  name = "k8s.io/apimachinery"
  packages = [
    "pkg/api/resource",
    "pkg/apis/meta/v1",
    "pkg/conversion",
    "pkg/conversion/queryparams",
    "pkg/fields",
    "pkg/labels",
    "pkg/runtime",
    "pkg/runtime/schema",
    "pkg/selection",
    "pkg/types",
    "pkg/util/errors",
    "pkg/util/intstr",
    "pkg/util/json",
    "pkg/util/naming",
    "pkg/util/net",
    "pkg/util/runtime",
    "pkg/util/sets",
    "pkg/util/validation",
    "pkg/util/validation/field",
    "pkg/watch",
    "third_party/forked/golang/reflect",
  ]
  pruneopts = "UT"
  revision = "731dcecc205498f52a21b12e311af095efb4b188"
  version = "v0.17.4"

[[projects]]
  digest = "1:93e82f25d75aba18436ad1ac042cb49493f096011f2541075721ed6f9e05c044"
  name = "k8s.io/klog"
  packages = ["."]
  pruneopts = "UT"
  revision = "2ca9ad30301bf30a8a6e0fa2110db6b8df699a91"
  version = "v1.0.0"

[solve-meta]
  analyzer-name = "dep"
  analyzer-version = 1
  input-imports = [
    "github.com/gobuffalo/packr/v2",
    "github.com/gorilla/mux",
    "github.com/luci/go-render/render",
    "github.com/sirupsen/logrus",
    "k8s.io/api/core/v1",
  ]
  solver-name = "gps-cdcl"
  solver-version = 1
